
Microsoft Visual Studio Solution File, Format Version 12.00
# Visual Studio Version 16
VisualStudioVersion = 16.0.29209.62
MinimumVisualStudioVersion = 10.0.40219.1
Project("{FAE04EC0-301F-11D3-BF4B-00C04F79EFBC}") = "WindowsFormsApp4", "WindowsFormsApp4\WindowsFormsApp4.csproj", "{5F99F710-7768-4098-8123-C06F8028D4DB}"
EndProject
Global
	GlobalSection(SolutionConfigurationPlatforms) = preSolution
		Debug|Any CPU = Debug|Any CPU
		Release|Any CPU = Release|Any CPU
	EndGlobalSection
	GlobalSection(ProjectConfigurationPlatforms) = postSolution
		{5F99F710-7768-4098-8123-C06F8028D4DB}.Debug|Any CPU.ActiveCfg = Debug|Any CPU
		{5F99F710-7768-4098-8123-C06F8028D4DB}.Debug|Any CPU.Build.0 = Debug|Any CPU
		{5F99F710-7768-4098-8123-C06F8028D4DB}.Release|Any CPU.ActiveCfg = Release|Any CPU
		{5F99F710-7768-4098-8123-C06F8028D4DB}.Release|Any CPU.Build.0 = Release|Any CPU
	EndGlobalSection
	GlobalSection(SolutionProperties) = preSolution
		HideSolutionNode = FALSE
	EndGlobalSection
	GlobalSection(ExtensibilityGlobals) = postSolution
		SolutionGuid = {273AC624-00F7-4143-80AA-59D7BD456FA9}
	EndGlobalSection
EndGlobal
